// !$*UTF8*$!
{
	archiveVersion = 1;
	classes = {
	};
	objectVersion = 46;
	objects = {

/* Begin PBXBuildFile section */
		2EAFAE7D140507C8009F0116 /* UIKit.framework in Frameworks */ = {isa = PBXBuildFile; fileRef = 2EAFAE7C140507C8009F0116 /* UIKit.framework */; };
		2EAFAE7F140507C8009F0116 /* Foundation.framework in Frameworks */ = {isa = PBXBuildFile; fileRef = 2EAFAE7E140507C8009F0116 /* Foundation.framework */; };
		2EAFAE85140507C8009F0116 /* InfoPlist.strings in Resources */ = {isa = PBXBuildFile; fileRef = 2EAFAE83140507C8009F0116 /* InfoPlist.strings */; };
		2EAFAE87140507C8009F0116 /* main.m in Sources */ = {isa = PBXBuildFile; fileRef = 2EAFAE86140507C8009F0116 /* main.m */; };
		2EAFAE8B140507C8009F0116 /* AppDelegate.m in Sources */ = {isa = PBXBuildFile; fileRef = 2EAFAE8A140507C8009F0116 /* AppDelegate.m */; };
/* End PBXBuildFile section */

/* Begin PBXFileReference section */
		2EAFAE78140507C8009F0116 /* Particles.app */ = {isa = PBXFileReference; explicitFileType = wrapper.application; includeInIndex = 0; path = Particles.app; sourceTree = BUILT_PRODUCTS_DIR; };
		2EAFAE7C140507C8009F0116 /* UIKit.framework */ = {isa = PBXFileReference; lastKnownFileType = wrapper.framework; name = UIKit.framework; path = System/Library/Frameworks/UIKit.framework; sourceTree = SDKROOT; };
		2EAFAE7E140507C8009F0116 /* Foundation.framework */ = {isa = PBXFileReference; lastKnownFileType = wrapper.framework; name = Foundation.framework; path = System/Library/Frameworks/Foundation.framework; sourceTree = SDKROOT; };
		2EAFAE82140507C8009F0116 /* Particles-Info.plist */ = {isa = PBXFileReference; path = "Particles-Info.plist"; sourceTree = "<group>"; };
		2EAFAE84140507C8009F0116 /* en */ = {isa = PBXFileReference; lastKnownFileType = text.plist.strings; name = en; path = en.lproj/InfoPlist.strings; sourceTree = "<group>"; };
		2EAFAE86140507C8009F0116 /* main.m */ = {isa = PBXFileReference; lastKnownFileType = sourcecode.c.objc; path = main.m; sourceTree = "<group>"; };
		2EAFAE88140507C8009F0116 /* Particles-Prefix.pch */ = {isa = PBXFileReference; path = "Particles-Prefix.pch"; sourceTree = "<group>"; };
		2EAFAE89140507C8009F0116 /* AppDelegate.h */ = {isa = PBXFileReference; path = AppDelegate.h; sourceTree = "<group>"; };
		2EAFAE8A140507C8009F0116 /* AppDelegate.m */ = {isa = PBXFileReference; lastKnownFileType = sourcecode.c.objc; path = AppDelegate.m; sourceTree = "<group>"; };
/* End PBXFileReference section */

/* Begin PBXFrameworksBuildPhase section */
		2EAFAE75140507C8009F0116 /* Frameworks */ = {
			isa = PBXFrameworksBuildPhase;
			buildActionMask = 2147483647;
			files = (
				2EAFAE7D140507C8009F0116 /* UIKit.framework in Frameworks */,
				2EAFAE7F140507C8009F0116 /* Foundation.framework in Frameworks */,
			);
			runOnlyForDeploymentPostprocessing = 0;
		};
/* End PBXFrameworksBuildPhase section */

/* Begin PBXGroup section */
		2EAFAE6D140507C8009F0116 = {
			isa = PBXGroup;
			children = (
				2EAFAE80140507C8009F0116 /* Particles */,
				2EAFAE7B140507C8009F0116 /* Frameworks */,
				2EAFAE79140507C8009F0116 /* Products */,
			);
			sourceTree = "<group>";
		};
		2EAFAE79140507C8009F0116 /* Products */ = {
			isa = PBXGroup;
			children = (
				2EAFAE78140507C8009F0116 /* Particles.app */,
			);
			name = Products;
			sourceTree = "<group>";
		};
		2EAFAE7B140507C8009F0116 /* Frameworks */ = {
			isa = PBXGroup;
			children = (
				2EAFAE7C140507C8009F0116 /* UIKit.framework */,
				2EAFAE7E140507C8009F0116 /* Foundation.framework */,
			);
			name = Frameworks;
			sourceTree = "<group>";
		};
		2EAFAE80140507C8009F0116 /* Particles */ = {
			isa = PBXGroup;
			children = (
				2EAFAE89140507C8009F0116 /* AppDelegate.h */,
				2EAFAE8A140507C8009F0116 /* AppDelegate.m */,
				2EAFAE81140507C8009F0116 /* Supporting Files */,
			);
			path = Particles;
			sourceTree = "<group>";
		};
		2EAFAE81140507C8009F0116 /* Supporting Files */ = {
			isa = PBXGroup;
			children = (
				2EAFAE82140507C8009F0116 /* Particles-Info.plist */,
				2EAFAE83140507C8009F0116 /* InfoPlist.strings */,
				2EAFAE86140507C8009F0116 /* main.m */,
				2EAFAE88140507C8009F0116 /* Particles-Prefix.pch */,
			);
			name = "Supporting Files";
			sourceTree = "<group>";
		};
/* End PBXGroup section */

/* Begin PBXNativeTarget section */
		2EAFAE77140507C8009F0116 /* Particles */ = {
			isa = PBXNativeTarget;
			buildConfigurationList = 2EAFAE8E140507C8009F0116 /* Build configuration list for PBXNativeTarget "Particles" */;
			buildPhases = (
				2EAFAE74140507C8009F0116 /* Sources */,
				2EAFAE75140507C8009F0116 /* Frameworks */,
				2EAFAE76140507C8009F0116 /* Resources */,
			);
			buildRules = (
			);
			dependencies = (
			);
			name = Particles;
			productName = Particles;
			productReference = 2EAFAE78140507C8009F0116 /* Particles.app */;
			productType = "com.apple.product-type.application";
		};
/* End PBXNativeTarget section */

/* Begin PBXProject section */
		2EAFAE6F140507C8009F0116 /* Project object */ = {
			isa = PBXProject;
			attributes = {
				LastUpgradeCheck = 0420;
				ORGANIZATIONNAME = rmh;
			};
			buildConfigurationList = 2EAFAE72140507C8009F0116 /* Build configuration list for PBXProject "Particles" */;
			compatibilityVersion = "Xcode 3.2";
			developmentRegion = English;
			hasScannedForEncodings = 0;
			knownRegions = (
				en,
			);
			mainGroup = 2EAFAE6D140507C8009F0116;
			productRefGroup = 2EAFAE79140507C8009F0116 /* Products */;
			projectDirPath = "";
			projectRoot = "";
			targets = (
				2EAFAE77140507C8009F0116 /* Particles */,
			);
		};
/* End PBXProject section */

/* Begin PBXResourcesBuildPhase section */
		2EAFAE76140507C8009F0116 /* Resources */ = {
			isa = PBXResourcesBuildPhase;
			buildActionMask = 2147483647;
			files = (
				2EAFAE85140507C8009F0116 /* InfoPlist.strings in Resources */,
			);
			runOnlyForDeploymentPostprocessing = 0;
		};
/* End PBXResourcesBuildPhase section */

/* Begin PBXSourcesBuildPhase section */
		2EAFAE74140507C8009F0116 /* Sources */ = {
			isa = PBXSourcesBuildPhase;
			buildActionMask = 2147483647;
			files = (
				2EAFAE87140507C8009F0116 /* main.m in Sources */,
				2EAFAE8B140507C8009F0116 /* AppDelegate.m in Sources */,
			);
			runOnlyForDeploymentPostprocessing = 0;
		};
/* End PBXSourcesBuildPhase section */

/* Begin PBXVariantGroup section */
		2EAFAE83140507C8009F0116 /* InfoPlist.strings */ = {
			isa = PBXVariantGroup;
			children = (
				2EAFAE84140507C8009F0116 /* en */,
			);
			name = InfoPlist.strings;
			sourceTree = "<group>";
		};
/* End PBXVariantGroup section */

/* Begin XCBuildConfiguration section */
		2EAFAE8C140507C8009F0116 /* Debug */ = {
			isa = XCBuildConfiguration;
			buildSettings = {
				ALWAYS_SEARCH_USER_PATHS = NO;
				ARCHS = "$(ARCHS_STANDARD_32_BIT)";
				CLANG_ENABLE_OBJC_ARC = YES;
				"CODE_SIGN_IDENTITY[sdk=iphoneos*]" = "iPhone Developer";
				COPY_PHASE_STRIP = NO;
				GCC_C_LANGUAGE_STANDARD = gnu99;
				GCC_DYNAMIC_NO_PIC = NO;
				GCC_OPTIMIZATION_LEVEL = 0;
				GCC_PREPROCESSOR_DEFINITIONS = (
					"DEBUG=1",
					"$(inherited)",
				);
				GCC_SYMBOLS_PRIVATE_EXTERN = NO;
				GCC_VERSION = com.apple.compilers.llvm.clang.1_0;
				GCC_WARN_ABOUT_MISSING_PROTOTYPES = YES;
				GCC_WARN_ABOUT_RETURN_TYPE = YES;
				GCC_WARN_UNUSED_VARIABLE = YES;
				IPHONEOS_DEPLOYMENT_TARGET = 5.0;
				SDKROOT = iphoneos;
				TARGETED_DEVICE_FAMILY = 2;
			};
			name = Debug;
		};
		2EAFAE8D140507C8009F0116 /* Release */ = {
			isa = XCBuildConfiguration;
			buildSettings = {
				ALWAYS_SEARCH_USER_PATHS = NO;
				ARCHS = "$(ARCHS_STANDARD_32_BIT)";
				CLANG_ENABLE_OBJC_ARC = YES;
				"CODE_SIGN_IDENTITY[sdk=iphoneos*]" = "iPhone Developer";
				COPY_PHASE_STRIP = YES;
				GCC_C_LANGUAGE_STANDARD = gnu99;
				GCC_VERSION = com.apple.compilers.llvm.clang.1_0;
				GCC_WARN_ABOUT_MISSING_PROTOTYPES = YES;
				GCC_WARN_ABOUT_RETURN_TYPE = YES;
				GCC_WARN_UNUSED_VARIABLE = YES;
				IPHONEOS_DEPLOYMENT_TARGET = 5.0;
				OTHER_CFLAGS = "-DNS_BLOCK_ASSERTIONS=1";
				SDKROOT = iphoneos;
				TARGETED_DEVICE_FAMILY = 2;
				VALIDATE_PRODUCT = YES;
			};
			name = Release;
		};
		2EAFAE8F140507C8009F0116 /* Debug */ = {
			isa = XCBuildConfiguration;
			buildSettings = {
				GCC_PRECOMPILE_PREFIX_HEADER = YES;
				GCC_PREFIX_HEADER = "Particles/Particles-Prefix.pch";
				INFOPLIST_FILE = "Particles/Particles-Info.plist";
				PRODUCT_NAME = "$(TARGET_NAME)";
				WRAPPER_EXTENSION = app;
			};
			name = Debug;
		};
		2EAFAE90140507C8009F0116 /* Release */ = {
			isa = XCBuildConfiguration;
			buildSettings = {
				GCC_PRECOMPILE_PREFIX_HEADER = YES;
				GCC_PREFIX_HEADER = "Particles/Particles-Prefix.pch";
				INFOPLIST_FILE = "Particles/Particles-Info.plist";
				PRODUCT_NAME = "$(TARGET_NAME)";
				WRAPPER_EXTENSION = app;
			};
			name = Release;
		};
/* End XCBuildConfiguration section */

/* Begin XCConfigurationList section */
		2EAFAE72140507C8009F0116 /* Build configuration list for PBXProject "Particles" */ = {
			isa = XCConfigurationList;
			buildConfigurations = (
				2EAFAE8C140507C8009F0116 /* Debug */,
				2EAFAE8D140507C8009F0116 /* Release */,
			);
			defaultConfigurationIsVisible = 0;
			defaultConfigurationName = Release;
		};
		2EAFAE8E140507C8009F0116 /* Build configuration list for PBXNativeTarget "Particles" */ = {
			isa = XCConfigurationList;
			buildConfigurations = (
				2EAFAE8F140507C8009F0116 /* Debug */,
				2EAFAE90140507C8009F0116 /* Release */,
			);
			defaultConfigurationIsVisible = 0;
		};
/* End XCConfigurationList section */
	};
	rootObject = 2EAFAE6F140507C8009F0116 /* Project object */;
}
